<Solution>
  <Project Path="Happie.Api/Happie.Api.csproj" />
  <Project Path="Happie.Api.Tests/Happie.Api.Tests.csproj" />
  <Project Path="Happie.Api.IntegrationTests/Happie.Api.IntegrationTests.csproj" />
  <Project Path="Happie.Shared/Happie.Shared.csproj" />
  <Project Path="Happie.Web/Happie.Web.csproj" />
</Solution>
